
Microsoft Visual Studio Solution File, Format Version 12.00
# Visual Studio Version 16
VisualStudioVersion = 16.0.28803.352
MinimumVisualStudioVersion = 10.0.40219.1
Project("{FAE04EC0-301F-11D3-BF4B-00C04F79EFBC}") = "Left-Join", "Left-Join\Left-Join.csproj", "{958754B6-C481-4FD9-93A2-ED38FCF5A71F}"
EndProject
Project("{FAE04EC0-301F-11D3-BF4B-00C04F79EFBC}") = "Left-Join-Tests", "Left-Join-Tests\Left-Join-Tests.csproj", "{12F96D8C-24E3-4EDD-806B-E49A03886A68}"
EndProject
Global
	GlobalSection(SolutionConfigurationPlatforms) = preSolution
		Debug|Any CPU = Debug|Any CPU
		Release|Any CPU = Release|Any CPU
	EndGlobalSection
	GlobalSection(ProjectConfigurationPlatforms) = postSolution
		{958754B6-C481-4FD9-93A2-ED38FCF5A71F}.Debug|Any CPU.ActiveCfg = Debug|Any CPU
		{958754B6-C481-4FD9-93A2-ED38FCF5A71F}.Debug|Any CPU.Build.0 = Debug|Any CPU
		{958754B6-C481-4FD9-93A2-ED38FCF5A71F}.Release|Any CPU.ActiveCfg = Release|Any CPU
		{958754B6-C481-4FD9-93A2-ED38FCF5A71F}.Release|Any CPU.Build.0 = Release|Any CPU
		{12F96D8C-24E3-4EDD-806B-E49A03886A68}.Debug|Any CPU.ActiveCfg = Debug|Any CPU
		{12F96D8C-24E3-4EDD-806B-E49A03886A68}.Debug|Any CPU.Build.0 = Debug|Any CPU
		{12F96D8C-24E3-4EDD-806B-E49A03886A68}.Release|Any CPU.ActiveCfg = Release|Any CPU
		{12F96D8C-24E3-4EDD-806B-E49A03886A68}.Release|Any CPU.Build.0 = Release|Any CPU
	EndGlobalSection
	GlobalSection(SolutionProperties) = preSolution
		HideSolutionNode = FALSE
	EndGlobalSection
	GlobalSection(ExtensibilityGlobals) = postSolution
		SolutionGuid = {E570066B-D016-4FFE-9C73-BA039C08E8EC}
	EndGlobalSection
EndGlobal
