
Microsoft Visual Studio Solution File, Format Version 12.00
# Visual Studio Version 16
VisualStudioVersion = 16.0.28803.202
MinimumVisualStudioVersion = 10.0.40219.1
Project("{FAE04EC0-301F-11D3-BF4B-00C04F79EFBC}") = "Hashtables", "Hashtables\Hashtables.csproj", "{360D937C-211C-41AE-B0F8-2FAC5AEE66DC}"
EndProject
Project("{FAE04EC0-301F-11D3-BF4B-00C04F79EFBC}") = "HashTableTests", "HashTableTests\HashTableTests.csproj", "{0896A86C-8EC7-4A00-B8B4-C516278DC667}"
EndProject
Global
	GlobalSection(SolutionConfigurationPlatforms) = preSolution
		Debug|Any CPU = Debug|Any CPU
		Release|Any CPU = Release|Any CPU
	EndGlobalSection
	GlobalSection(ProjectConfigurationPlatforms) = postSolution
		{360D937C-211C-41AE-B0F8-2FAC5AEE66DC}.Debug|Any CPU.ActiveCfg = Debug|Any CPU
		{360D937C-211C-41AE-B0F8-2FAC5AEE66DC}.Debug|Any CPU.Build.0 = Debug|Any CPU
		{360D937C-211C-41AE-B0F8-2FAC5AEE66DC}.Release|Any CPU.ActiveCfg = Release|Any CPU
		{360D937C-211C-41AE-B0F8-2FAC5AEE66DC}.Release|Any CPU.Build.0 = Release|Any CPU
		{0896A86C-8EC7-4A00-B8B4-C516278DC667}.Debug|Any CPU.ActiveCfg = Debug|Any CPU
		{0896A86C-8EC7-4A00-B8B4-C516278DC667}.Debug|Any CPU.Build.0 = Debug|Any CPU
		{0896A86C-8EC7-4A00-B8B4-C516278DC667}.Release|Any CPU.ActiveCfg = Release|Any CPU
		{0896A86C-8EC7-4A00-B8B4-C516278DC667}.Release|Any CPU.Build.0 = Release|Any CPU
	EndGlobalSection
	GlobalSection(SolutionProperties) = preSolution
		HideSolutionNode = FALSE
	EndGlobalSection
	GlobalSection(ExtensibilityGlobals) = postSolution
		SolutionGuid = {DF8675FC-20E4-4876-98BC-F428A3180251}
	EndGlobalSection
EndGlobal
