
Microsoft Visual Studio Solution File, Format Version 12.00
# Visual Studio 15
VisualStudioVersion = 15.0.28307.539
MinimumVisualStudioVersion = 10.0.40219.1
Project("{FAE04EC0-301F-11D3-BF4B-00C04F79EFBC}") = "StacksAndQueues", "StacksAndQueues\StacksAndQueues.csproj", "{B3FDB8BC-870B-4ACB-80B4-1A392401289F}"
EndProject
Project("{FAE04EC0-301F-11D3-BF4B-00C04F79EFBC}") = "StacksAndQueuesTests", "StacksAndQueuesTests\StacksAndQueuesTests.csproj", "{3A3BF1E6-9642-4454-9E6C-1657E4B1FBC0}"
EndProject
Global
	GlobalSection(SolutionConfigurationPlatforms) = preSolution
		Debug|Any CPU = Debug|Any CPU
		Release|Any CPU = Release|Any CPU
	EndGlobalSection
	GlobalSection(ProjectConfigurationPlatforms) = postSolution
		{B3FDB8BC-870B-4ACB-80B4-1A392401289F}.Debug|Any CPU.ActiveCfg = Debug|Any CPU
		{B3FDB8BC-870B-4ACB-80B4-1A392401289F}.Debug|Any CPU.Build.0 = Debug|Any CPU
		{B3FDB8BC-870B-4ACB-80B4-1A392401289F}.Release|Any CPU.ActiveCfg = Release|Any CPU
		{B3FDB8BC-870B-4ACB-80B4-1A392401289F}.Release|Any CPU.Build.0 = Release|Any CPU
		{3A3BF1E6-9642-4454-9E6C-1657E4B1FBC0}.Debug|Any CPU.ActiveCfg = Debug|Any CPU
		{3A3BF1E6-9642-4454-9E6C-1657E4B1FBC0}.Debug|Any CPU.Build.0 = Debug|Any CPU
		{3A3BF1E6-9642-4454-9E6C-1657E4B1FBC0}.Release|Any CPU.ActiveCfg = Release|Any CPU
		{3A3BF1E6-9642-4454-9E6C-1657E4B1FBC0}.Release|Any CPU.Build.0 = Release|Any CPU
	EndGlobalSection
	GlobalSection(SolutionProperties) = preSolution
		HideSolutionNode = FALSE
	EndGlobalSection
	GlobalSection(ExtensibilityGlobals) = postSolution
		SolutionGuid = {6958A16F-1AAF-4110-910F-5868AD53AC27}
	EndGlobalSection
EndGlobal
