
Microsoft Visual Studio Solution File, Format Version 12.00
# Visual Studio 15
VisualStudioVersion = 15.0.28307.489
MinimumVisualStudioVersion = 10.0.40219.1
Project("{FAE04EC0-301F-11D3-BF4B-00C04F79EFBC}") = "LinkedList", "LinkedList\LinkedList.csproj", "{5C60DBFC-94EB-423C-B589-33E3F3D58892}"
EndProject
Project("{FAE04EC0-301F-11D3-BF4B-00C04F79EFBC}") = "LinkedListTests", "LinkedListTests\LinkedListTests.csproj", "{D06DDBC3-8028-4ABD-8E6E-466BF5A93B60}"
EndProject
Global
	GlobalSection(SolutionConfigurationPlatforms) = preSolution
		Debug|Any CPU = Debug|Any CPU
		Release|Any CPU = Release|Any CPU
	EndGlobalSection
	GlobalSection(ProjectConfigurationPlatforms) = postSolution
		{5C60DBFC-94EB-423C-B589-33E3F3D58892}.Debug|Any CPU.ActiveCfg = Debug|Any CPU
		{5C60DBFC-94EB-423C-B589-33E3F3D58892}.Debug|Any CPU.Build.0 = Debug|Any CPU
		{5C60DBFC-94EB-423C-B589-33E3F3D58892}.Release|Any CPU.ActiveCfg = Release|Any CPU
		{5C60DBFC-94EB-423C-B589-33E3F3D58892}.Release|Any CPU.Build.0 = Release|Any CPU
		{D06DDBC3-8028-4ABD-8E6E-466BF5A93B60}.Debug|Any CPU.ActiveCfg = Debug|Any CPU
		{D06DDBC3-8028-4ABD-8E6E-466BF5A93B60}.Debug|Any CPU.Build.0 = Debug|Any CPU
		{D06DDBC3-8028-4ABD-8E6E-466BF5A93B60}.Release|Any CPU.ActiveCfg = Release|Any CPU
		{D06DDBC3-8028-4ABD-8E6E-466BF5A93B60}.Release|Any CPU.Build.0 = Release|Any CPU
	EndGlobalSection
	GlobalSection(SolutionProperties) = preSolution
		HideSolutionNode = FALSE
	EndGlobalSection
	GlobalSection(ExtensibilityGlobals) = postSolution
		SolutionGuid = {4C1FEC81-40DA-418D-A95B-DAC9F356089B}
	EndGlobalSection
EndGlobal
