
Microsoft Visual Studio Solution File, Format Version 12.00
# Visual Studio Version 16
VisualStudioVersion = 16.0.28803.202
MinimumVisualStudioVersion = 10.0.40219.1
Project("{9A19103F-16F7-4668-BE54-9A1E7A4F7556}") = "Insertion", "Insertion\Insertion.csproj", "{DEA29F82-56DD-4CDE-AB5C-C849B44A8516}"
EndProject
Project("{FAE04EC0-301F-11D3-BF4B-00C04F79EFBC}") = "InsertionSortTests", "InsertionSortTests\InsertionSortTests.csproj", "{D3B3563E-B7BA-4BC0-BC76-4C8FB26AFD7D}"
EndProject
Global
	GlobalSection(SolutionConfigurationPlatforms) = preSolution
		Debug|Any CPU = Debug|Any CPU
		Release|Any CPU = Release|Any CPU
	EndGlobalSection
	GlobalSection(ProjectConfigurationPlatforms) = postSolution
		{DEA29F82-56DD-4CDE-AB5C-C849B44A8516}.Debug|Any CPU.ActiveCfg = Debug|Any CPU
		{DEA29F82-56DD-4CDE-AB5C-C849B44A8516}.Debug|Any CPU.Build.0 = Debug|Any CPU
		{DEA29F82-56DD-4CDE-AB5C-C849B44A8516}.Release|Any CPU.ActiveCfg = Release|Any CPU
		{DEA29F82-56DD-4CDE-AB5C-C849B44A8516}.Release|Any CPU.Build.0 = Release|Any CPU
		{D3B3563E-B7BA-4BC0-BC76-4C8FB26AFD7D}.Debug|Any CPU.ActiveCfg = Debug|Any CPU
		{D3B3563E-B7BA-4BC0-BC76-4C8FB26AFD7D}.Debug|Any CPU.Build.0 = Debug|Any CPU
		{D3B3563E-B7BA-4BC0-BC76-4C8FB26AFD7D}.Release|Any CPU.ActiveCfg = Release|Any CPU
		{D3B3563E-B7BA-4BC0-BC76-4C8FB26AFD7D}.Release|Any CPU.Build.0 = Release|Any CPU
	EndGlobalSection
	GlobalSection(SolutionProperties) = preSolution
		HideSolutionNode = FALSE
	EndGlobalSection
	GlobalSection(ExtensibilityGlobals) = postSolution
		SolutionGuid = {472EB314-02F5-4B10-BA78-E6466545C4FE}
	EndGlobalSection
EndGlobal
